
Microsoft Visual Studio Solution File, Format Version 12.00
# Visual Studio 2013
VisualStudioVersion = 12.0.31101.0
MinimumVisualStudioVersion = 10.0.40219.1
Project("{FAE04EC0-301F-11D3-BF4B-00C04F79EFBC}") = "MxmFacebookFriendsCheck.WinPhone", "MxmFacebookFriendsCheck\MxmFacebookFriendsCheck.WinPhone\MxmFacebookFriendsCheck.WinPhone.csproj", "{628857F3-A625-4326-B9E6-BD5FA93E8343}"
EndProject
Project("{FAE04EC0-301F-11D3-BF4B-00C04F79EFBC}") = "MxmFacebookFriendsCheck.iOS", "MxmFacebookFriendsCheck\MxmFacebookFriendsCheck.iOS\MxmFacebookFriendsCheck.iOS.csproj", "{F96B3052-2132-44CB-AB83-DEF3ABEA52D8}"
EndProject
Project("{FAE04EC0-301F-11D3-BF4B-00C04F79EFBC}") = "MxmFacebookFriendsCheck.Droid", "MxmFacebookFriendsCheck\MxmFacebookFriendsCheck.Droid\MxmFacebookFriendsCheck.Droid.csproj", "{550D1659-DC0E-4BDD-BFFE-D0E3C4C027FD}"
EndProject
Project("{D954291E-2A0B-460D-934E-DC6B0785DB48}") = "MxmFacebookFriendsCheck", "MxmFacebookFriendsCheck\MxmFacebookFriendsCheck\MxmFacebookFriendsCheck.shproj", "{B22450C6-DB60-493C-A2B1-04685DF0C808}"
EndProject
Project("{2150E333-8FDC-42A3-9474-1A3956D46DE8}") = ".nuget", ".nuget", "{85FFDB96-20A7-48FF-95E9-8F9A750ECB17}"
	ProjectSection(SolutionItems) = preProject
		.nuget\NuGet.Config = .nuget\NuGet.Config
		.nuget\NuGet.exe = .nuget\NuGet.exe
		.nuget\NuGet.targets = .nuget\NuGet.targets
	EndProjectSection
EndProject
Global
	GlobalSection(SharedMSBuildProjectFiles) = preSolution
		MxmFacebookFriendsCheck\MxmFacebookFriendsCheck\MxmFacebookFriendsCheck.projitems*{f96b3052-2132-44cb-ab83-def3abea52d8}*SharedItemsImports = 4
		MxmFacebookFriendsCheck\MxmFacebookFriendsCheck\MxmFacebookFriendsCheck.projitems*{550d1659-dc0e-4bdd-bffe-d0e3c4c027fd}*SharedItemsImports = 4
		MxmFacebookFriendsCheck\MxmFacebookFriendsCheck\MxmFacebookFriendsCheck.projitems*{b22450c6-db60-493c-a2b1-04685df0c808}*SharedItemsImports = 13
		MxmFacebookFriendsCheck\MxmFacebookFriendsCheck\MxmFacebookFriendsCheck.projitems*{628857f3-a625-4326-b9e6-bd5fa93e8343}*SharedItemsImports = 4
	EndGlobalSection
	GlobalSection(SolutionConfigurationPlatforms) = preSolution
		Ad-Hoc|Any CPU = Ad-Hoc|Any CPU
		Ad-Hoc|ARM = Ad-Hoc|ARM
		Ad-Hoc|iPhone = Ad-Hoc|iPhone
		Ad-Hoc|iPhoneSimulator = Ad-Hoc|iPhoneSimulator
		Ad-Hoc|Mixed Platforms = Ad-Hoc|Mixed Platforms
		Ad-Hoc|x86 = Ad-Hoc|x86
		AppStore|Any CPU = AppStore|Any CPU
		AppStore|ARM = AppStore|ARM
		AppStore|iPhone = AppStore|iPhone
		AppStore|iPhoneSimulator = AppStore|iPhoneSimulator
		AppStore|Mixed Platforms = AppStore|Mixed Platforms
		AppStore|x86 = AppStore|x86
		Debug|Any CPU = Debug|Any CPU
		Debug|ARM = Debug|ARM
		Debug|iPhone = Debug|iPhone
		Debug|iPhoneSimulator = Debug|iPhoneSimulator
		Debug|Mixed Platforms = Debug|Mixed Platforms
		Debug|x86 = Debug|x86
		Release|Any CPU = Release|Any CPU
		Release|ARM = Release|ARM
		Release|iPhone = Release|iPhone
		Release|iPhoneSimulator = Release|iPhoneSimulator
		Release|Mixed Platforms = Release|Mixed Platforms
		Release|x86 = Release|x86
	EndGlobalSection
	GlobalSection(ProjectConfigurationPlatforms) = postSolution
		{628857F3-A625-4326-B9E6-BD5FA93E8343}.Ad-Hoc|Any CPU.ActiveCfg = Release|Any CPU
		{628857F3-A625-4326-B9E6-BD5FA93E8343}.Ad-Hoc|Any CPU.Build.0 = Release|Any CPU
		{628857F3-A625-4326-B9E6-BD5FA93E8343}.Ad-Hoc|Any CPU.Deploy.0 = Release|Any CPU
		{628857F3-A625-4326-B9E6-BD5FA93E8343}.Ad-Hoc|ARM.ActiveCfg = Release|ARM
		{628857F3-A625-4326-B9E6-BD5FA93E8343}.Ad-Hoc|ARM.Build.0 = Release|ARM
		{628857F3-A625-4326-B9E6-BD5FA93E8343}.Ad-Hoc|ARM.Deploy.0 = Release|ARM
		{628857F3-A625-4326-B9E6-BD5FA93E8343}.Ad-Hoc|iPhone.ActiveCfg = Release|Any CPU
		{628857F3-A625-4326-B9E6-BD5FA93E8343}.Ad-Hoc|iPhone.Build.0 = Release|Any CPU
		{628857F3-A625-4326-B9E6-BD5FA93E8343}.Ad-Hoc|iPhone.Deploy.0 = Release|Any CPU
		{628857F3-A625-4326-B9E6-BD5FA93E8343}.Ad-Hoc|iPhoneSimulator.ActiveCfg = Release|Any CPU
		{628857F3-A625-4326-B9E6-BD5FA93E8343}.Ad-Hoc|iPhoneSimulator.Build.0 = Release|Any CPU
		{628857F3-A625-4326-B9E6-BD5FA93E8343}.Ad-Hoc|iPhoneSimulator.Deploy.0 = Release|Any CPU
		{628857F3-A625-4326-B9E6-BD5FA93E8343}.Ad-Hoc|Mixed Platforms.ActiveCfg = Release|x86
		{628857F3-A625-4326-B9E6-BD5FA93E8343}.Ad-Hoc|Mixed Platforms.Build.0 = Release|x86
		{628857F3-A625-4326-B9E6-BD5FA93E8343}.Ad-Hoc|Mixed Platforms.Deploy.0 = Release|x86
		{628857F3-A625-4326-B9E6-BD5FA93E8343}.Ad-Hoc|x86.ActiveCfg = Release|x86
		{628857F3-A625-4326-B9E6-BD5FA93E8343}.Ad-Hoc|x86.Build.0 = Release|x86
		{628857F3-A625-4326-B9E6-BD5FA93E8343}.Ad-Hoc|x86.Deploy.0 = Release|x86
		{628857F3-A625-4326-B9E6-BD5FA93E8343}.AppStore|Any CPU.ActiveCfg = Release|Any CPU
		{628857F3-A625-4326-B9E6-BD5FA93E8343}.AppStore|Any CPU.Build.0 = Release|Any CPU
		{628857F3-A625-4326-B9E6-BD5FA93E8343}.AppStore|Any CPU.Deploy.0 = Release|Any CPU
		{628857F3-A625-4326-B9E6-BD5FA93E8343}.AppStore|ARM.ActiveCfg = Release|ARM
		{628857F3-A625-4326-B9E6-BD5FA93E8343}.AppStore|ARM.Build.0 = Release|ARM
		{628857F3-A625-4326-B9E6-BD5FA93E8343}.AppStore|ARM.Deploy.0 = Release|ARM
		{628857F3-A625-4326-B9E6-BD5FA93E8343}.AppStore|iPhone.ActiveCfg = Release|Any CPU
		{628857F3-A625-4326-B9E6-BD5FA93E8343}.AppStore|iPhone.Build.0 = Release|Any CPU
		{628857F3-A625-4326-B9E6-BD5FA93E8343}.AppStore|iPhone.Deploy.0 = Release|Any CPU
		{628857F3-A625-4326-B9E6-BD5FA93E8343}.AppStore|iPhoneSimulator.ActiveCfg = Release|Any CPU
		{628857F3-A625-4326-B9E6-BD5FA93E8343}.AppStore|iPhoneSimulator.Build.0 = Release|Any CPU
		{628857F3-A625-4326-B9E6-BD5FA93E8343}.AppStore|iPhoneSimulator.Deploy.0 = Release|Any CPU
		{628857F3-A625-4326-B9E6-BD5FA93E8343}.AppStore|Mixed Platforms.ActiveCfg = Release|x86
		{628857F3-A625-4326-B9E6-BD5FA93E8343}.AppStore|Mixed Platforms.Build.0 = Release|x86
		{628857F3-A625-4326-B9E6-BD5FA93E8343}.AppStore|Mixed Platforms.Deploy.0 = Release|x86
		{628857F3-A625-4326-B9E6-BD5FA93E8343}.AppStore|x86.ActiveCfg = Release|x86
		{628857F3-A625-4326-B9E6-BD5FA93E8343}.AppStore|x86.Build.0 = Release|x86
		{628857F3-A625-4326-B9E6-BD5FA93E8343}.AppStore|x86.Deploy.0 = Release|x86
		{628857F3-A625-4326-B9E6-BD5FA93E8343}.Debug|Any CPU.ActiveCfg = Debug|Any CPU
		{628857F3-A625-4326-B9E6-BD5FA93E8343}.Debug|Any CPU.Build.0 = Debug|Any CPU
		{628857F3-A625-4326-B9E6-BD5FA93E8343}.Debug|Any CPU.Deploy.0 = Debug|Any CPU
		{628857F3-A625-4326-B9E6-BD5FA93E8343}.Debug|ARM.ActiveCfg = Debug|ARM
		{628857F3-A625-4326-B9E6-BD5FA93E8343}.Debug|ARM.Build.0 = Debug|ARM
		{628857F3-A625-4326-B9E6-BD5FA93E8343}.Debug|ARM.Deploy.0 = Debug|ARM
		{628857F3-A625-4326-B9E6-BD5FA93E8343}.Debug|iPhone.ActiveCfg = Debug|Any CPU
		{628857F3-A625-4326-B9E6-BD5FA93E8343}.Debug|iPhone.Build.0 = Debug|Any CPU
		{628857F3-A625-4326-B9E6-BD5FA93E8343}.Debug|iPhone.Deploy.0 = Debug|Any CPU
		{628857F3-A625-4326-B9E6-BD5FA93E8343}.Debug|iPhoneSimulator.ActiveCfg = Debug|Any CPU
		{628857F3-A625-4326-B9E6-BD5FA93E8343}.Debug|iPhoneSimulator.Build.0 = Debug|Any CPU
		{628857F3-A625-4326-B9E6-BD5FA93E8343}.Debug|iPhoneSimulator.Deploy.0 = Debug|Any CPU
		{628857F3-A625-4326-B9E6-BD5FA93E8343}.Debug|Mixed Platforms.ActiveCfg = Debug|x86
		{628857F3-A625-4326-B9E6-BD5FA93E8343}.Debug|Mixed Platforms.Build.0 = Debug|x86
		{628857F3-A625-4326-B9E6-BD5FA93E8343}.Debug|Mixed Platforms.Deploy.0 = Debug|x86
		{628857F3-A625-4326-B9E6-BD5FA93E8343}.Debug|x86.ActiveCfg = Debug|x86
		{628857F3-A625-4326-B9E6-BD5FA93E8343}.Debug|x86.Build.0 = Debug|x86
		{628857F3-A625-4326-B9E6-BD5FA93E8343}.Debug|x86.Deploy.0 = Debug|x86
		{628857F3-A625-4326-B9E6-BD5FA93E8343}.Release|Any CPU.ActiveCfg = Release|Any CPU
		{628857F3-A625-4326-B9E6-BD5FA93E8343}.Release|Any CPU.Build.0 = Release|Any CPU
		{628857F3-A625-4326-B9E6-BD5FA93E8343}.Release|Any CPU.Deploy.0 = Release|Any CPU
		{628857F3-A625-4326-B9E6-BD5FA93E8343}.Release|ARM.ActiveCfg = Release|ARM
		{628857F3-A625-4326-B9E6-BD5FA93E8343}.Release|ARM.Build.0 = Release|ARM
		{628857F3-A625-4326-B9E6-BD5FA93E8343}.Release|ARM.Deploy.0 = Release|ARM
		{628857F3-A625-4326-B9E6-BD5FA93E8343}.Release|iPhone.ActiveCfg = Release|Any CPU
		{628857F3-A625-4326-B9E6-BD5FA93E8343}.Release|iPhone.Build.0 = Release|Any CPU
		{628857F3-A625-4326-B9E6-BD5FA93E8343}.Release|iPhone.Deploy.0 = Release|Any CPU
		{628857F3-A625-4326-B9E6-BD5FA93E8343}.Release|iPhoneSimulator.ActiveCfg = Release|Any CPU
		{628857F3-A625-4326-B9E6-BD5FA93E8343}.Release|iPhoneSimulator.Build.0 = Release|Any CPU
		{628857F3-A625-4326-B9E6-BD5FA93E8343}.Release|iPhoneSimulator.Deploy.0 = Release|Any CPU
		{628857F3-A625-4326-B9E6-BD5FA93E8343}.Release|Mixed Platforms.ActiveCfg = Release|x86
		{628857F3-A625-4326-B9E6-BD5FA93E8343}.Release|Mixed Platforms.Build.0 = Release|x86
		{628857F3-A625-4326-B9E6-BD5FA93E8343}.Release|Mixed Platforms.Deploy.0 = Release|x86
		{628857F3-A625-4326-B9E6-BD5FA93E8343}.Release|x86.ActiveCfg = Release|x86
		{628857F3-A625-4326-B9E6-BD5FA93E8343}.Release|x86.Build.0 = Release|x86
		{628857F3-A625-4326-B9E6-BD5FA93E8343}.Release|x86.Deploy.0 = Release|x86
		{F96B3052-2132-44CB-AB83-DEF3ABEA52D8}.Ad-Hoc|Any CPU.ActiveCfg = Ad-Hoc|iPhone
		{F96B3052-2132-44CB-AB83-DEF3ABEA52D8}.Ad-Hoc|ARM.ActiveCfg = Ad-Hoc|iPhone
		{F96B3052-2132-44CB-AB83-DEF3ABEA52D8}.Ad-Hoc|iPhone.ActiveCfg = Ad-Hoc|iPhone
		{F96B3052-2132-44CB-AB83-DEF3ABEA52D8}.Ad-Hoc|iPhone.Build.0 = Ad-Hoc|iPhone
		{F96B3052-2132-44CB-AB83-DEF3ABEA52D8}.Ad-Hoc|iPhoneSimulator.ActiveCfg = Ad-Hoc|iPhoneSimulator
		{F96B3052-2132-44CB-AB83-DEF3ABEA52D8}.Ad-Hoc|iPhoneSimulator.Build.0 = Ad-Hoc|iPhoneSimulator
		{F96B3052-2132-44CB-AB83-DEF3ABEA52D8}.Ad-Hoc|Mixed Platforms.ActiveCfg = Ad-Hoc|iPhone
		{F96B3052-2132-44CB-AB83-DEF3ABEA52D8}.Ad-Hoc|Mixed Platforms.Build.0 = Ad-Hoc|iPhone
		{F96B3052-2132-44CB-AB83-DEF3ABEA52D8}.Ad-Hoc|x86.ActiveCfg = Ad-Hoc|iPhone
		{F96B3052-2132-44CB-AB83-DEF3ABEA52D8}.AppStore|Any CPU.ActiveCfg = AppStore|iPhone
		{F96B3052-2132-44CB-AB83-DEF3ABEA52D8}.AppStore|ARM.ActiveCfg = AppStore|iPhone
		{F96B3052-2132-44CB-AB83-DEF3ABEA52D8}.AppStore|iPhone.ActiveCfg = AppStore|iPhone
		{F96B3052-2132-44CB-AB83-DEF3ABEA52D8}.AppStore|iPhone.Build.0 = AppStore|iPhone
		{F96B3052-2132-44CB-AB83-DEF3ABEA52D8}.AppStore|iPhoneSimulator.ActiveCfg = AppStore|iPhoneSimulator
		{F96B3052-2132-44CB-AB83-DEF3ABEA52D8}.AppStore|iPhoneSimulator.Build.0 = AppStore|iPhoneSimulator
		{F96B3052-2132-44CB-AB83-DEF3ABEA52D8}.AppStore|Mixed Platforms.ActiveCfg = AppStore|iPhone
		{F96B3052-2132-44CB-AB83-DEF3ABEA52D8}.AppStore|Mixed Platforms.Build.0 = AppStore|iPhone
		{F96B3052-2132-44CB-AB83-DEF3ABEA52D8}.AppStore|x86.ActiveCfg = AppStore|iPhone
		{F96B3052-2132-44CB-AB83-DEF3ABEA52D8}.Debug|Any CPU.ActiveCfg = Debug|iPhone
		{F96B3052-2132-44CB-AB83-DEF3ABEA52D8}.Debug|ARM.ActiveCfg = Debug|iPhone
		{F96B3052-2132-44CB-AB83-DEF3ABEA52D8}.Debug|iPhone.ActiveCfg = Debug|iPhone
		{F96B3052-2132-44CB-AB83-DEF3ABEA52D8}.Debug|iPhone.Build.0 = Debug|iPhone
		{F96B3052-2132-44CB-AB83-DEF3ABEA52D8}.Debug|iPhoneSimulator.ActiveCfg = Debug|iPhoneSimulator
		{F96B3052-2132-44CB-AB83-DEF3ABEA52D8}.Debug|iPhoneSimulator.Build.0 = Debug|iPhoneSimulator
		{F96B3052-2132-44CB-AB83-DEF3ABEA52D8}.Debug|Mixed Platforms.ActiveCfg = Debug|iPhone
		{F96B3052-2132-44CB-AB83-DEF3ABEA52D8}.Debug|Mixed Platforms.Build.0 = Debug|iPhone
		{F96B3052-2132-44CB-AB83-DEF3ABEA52D8}.Debug|x86.ActiveCfg = Debug|iPhone
		{F96B3052-2132-44CB-AB83-DEF3ABEA52D8}.Release|Any CPU.ActiveCfg = Release|iPhone
		{F96B3052-2132-44CB-AB83-DEF3ABEA52D8}.Release|ARM.ActiveCfg = Release|iPhone
		{F96B3052-2132-44CB-AB83-DEF3ABEA52D8}.Release|iPhone.ActiveCfg = Release|iPhone
		{F96B3052-2132-44CB-AB83-DEF3ABEA52D8}.Release|iPhone.Build.0 = Release|iPhone
		{F96B3052-2132-44CB-AB83-DEF3ABEA52D8}.Release|iPhoneSimulator.ActiveCfg = Release|iPhoneSimulator
		{F96B3052-2132-44CB-AB83-DEF3ABEA52D8}.Release|iPhoneSimulator.Build.0 = Release|iPhoneSimulator
		{F96B3052-2132-44CB-AB83-DEF3ABEA52D8}.Release|Mixed Platforms.ActiveCfg = Release|iPhone
		{F96B3052-2132-44CB-AB83-DEF3ABEA52D8}.Release|Mixed Platforms.Build.0 = Release|iPhone
		{F96B3052-2132-44CB-AB83-DEF3ABEA52D8}.Release|x86.ActiveCfg = Release|iPhone
		{550D1659-DC0E-4BDD-BFFE-D0E3C4C027FD}.Ad-Hoc|Any CPU.ActiveCfg = Release|Any CPU
		{550D1659-DC0E-4BDD-BFFE-D0E3C4C027FD}.Ad-Hoc|Any CPU.Build.0 = Release|Any CPU
		{550D1659-DC0E-4BDD-BFFE-D0E3C4C027FD}.Ad-Hoc|Any CPU.Deploy.0 = Release|Any CPU
		{550D1659-DC0E-4BDD-BFFE-D0E3C4C027FD}.Ad-Hoc|ARM.ActiveCfg = Release|Any CPU
		{550D1659-DC0E-4BDD-BFFE-D0E3C4C027FD}.Ad-Hoc|ARM.Build.0 = Release|Any CPU
		{550D1659-DC0E-4BDD-BFFE-D0E3C4C027FD}.Ad-Hoc|ARM.Deploy.0 = Release|Any CPU
		{550D1659-DC0E-4BDD-BFFE-D0E3C4C027FD}.Ad-Hoc|iPhone.ActiveCfg = Release|Any CPU
		{550D1659-DC0E-4BDD-BFFE-D0E3C4C027FD}.Ad-Hoc|iPhone.Build.0 = Release|Any CPU
		{550D1659-DC0E-4BDD-BFFE-D0E3C4C027FD}.Ad-Hoc|iPhone.Deploy.0 = Release|Any CPU
		{550D1659-DC0E-4BDD-BFFE-D0E3C4C027FD}.Ad-Hoc|iPhoneSimulator.ActiveCfg = Release|Any CPU
		{550D1659-DC0E-4BDD-BFFE-D0E3C4C027FD}.Ad-Hoc|iPhoneSimulator.Build.0 = Release|Any CPU
		{550D1659-DC0E-4BDD-BFFE-D0E3C4C027FD}.Ad-Hoc|iPhoneSimulator.Deploy.0 = Release|Any CPU
		{550D1659-DC0E-4BDD-BFFE-D0E3C4C027FD}.Ad-Hoc|Mixed Platforms.ActiveCfg = Release|Any CPU
		{550D1659-DC0E-4BDD-BFFE-D0E3C4C027FD}.Ad-Hoc|Mixed Platforms.Build.0 = Release|Any CPU
		{550D1659-DC0E-4BDD-BFFE-D0E3C4C027FD}.Ad-Hoc|Mixed Platforms.Deploy.0 = Release|Any CPU
		{550D1659-DC0E-4BDD-BFFE-D0E3C4C027FD}.Ad-Hoc|x86.ActiveCfg = Release|Any CPU
		{550D1659-DC0E-4BDD-BFFE-D0E3C4C027FD}.Ad-Hoc|x86.Build.0 = Release|Any CPU
		{550D1659-DC0E-4BDD-BFFE-D0E3C4C027FD}.Ad-Hoc|x86.Deploy.0 = Release|Any CPU
		{550D1659-DC0E-4BDD-BFFE-D0E3C4C027FD}.AppStore|Any CPU.ActiveCfg = Release|Any CPU
		{550D1659-DC0E-4BDD-BFFE-D0E3C4C027FD}.AppStore|Any CPU.Build.0 = Release|Any CPU
		{550D1659-DC0E-4BDD-BFFE-D0E3C4C027FD}.AppStore|Any CPU.Deploy.0 = Release|Any CPU
		{550D1659-DC0E-4BDD-BFFE-D0E3C4C027FD}.AppStore|ARM.ActiveCfg = Release|Any CPU
		{550D1659-DC0E-4BDD-BFFE-D0E3C4C027FD}.AppStore|ARM.Build.0 = Release|Any CPU
		{550D1659-DC0E-4BDD-BFFE-D0E3C4C027FD}.AppStore|ARM.Deploy.0 = Release|Any CPU
		{550D1659-DC0E-4BDD-BFFE-D0E3C4C027FD}.AppStore|iPhone.ActiveCfg = Release|Any CPU
		{550D1659-DC0E-4BDD-BFFE-D0E3C4C027FD}.AppStore|iPhone.Build.0 = Release|Any CPU
		{550D1659-DC0E-4BDD-BFFE-D0E3C4C027FD}.AppStore|iPhone.Deploy.0 = Release|Any CPU
		{550D1659-DC0E-4BDD-BFFE-D0E3C4C027FD}.AppStore|iPhoneSimulator.ActiveCfg = Release|Any CPU
		{550D1659-DC0E-4BDD-BFFE-D0E3C4C027FD}.AppStore|iPhoneSimulator.Build.0 = Release|Any CPU
		{550D1659-DC0E-4BDD-BFFE-D0E3C4C027FD}.AppStore|iPhoneSimulator.Deploy.0 = Release|Any CPU
		{550D1659-DC0E-4BDD-BFFE-D0E3C4C027FD}.AppStore|Mixed Platforms.ActiveCfg = Release|Any CPU
		{550D1659-DC0E-4BDD-BFFE-D0E3C4C027FD}.AppStore|Mixed Platforms.Build.0 = Release|Any CPU
		{550D1659-DC0E-4BDD-BFFE-D0E3C4C027FD}.AppStore|Mixed Platforms.Deploy.0 = Release|Any CPU
		{550D1659-DC0E-4BDD-BFFE-D0E3C4C027FD}.AppStore|x86.ActiveCfg = Release|Any CPU
		{550D1659-DC0E-4BDD-BFFE-D0E3C4C027FD}.AppStore|x86.Build.0 = Release|Any CPU
		{550D1659-DC0E-4BDD-BFFE-D0E3C4C027FD}.AppStore|x86.Deploy.0 = Release|Any CPU
		{550D1659-DC0E-4BDD-BFFE-D0E3C4C027FD}.Debug|Any CPU.ActiveCfg = Debug|Any CPU
		{550D1659-DC0E-4BDD-BFFE-D0E3C4C027FD}.Debug|Any CPU.Build.0 = Debug|Any CPU
		{550D1659-DC0E-4BDD-BFFE-D0E3C4C027FD}.Debug|Any CPU.Deploy.0 = Debug|Any CPU
		{550D1659-DC0E-4BDD-BFFE-D0E3C4C027FD}.Debug|ARM.ActiveCfg = Debug|Any CPU
		{550D1659-DC0E-4BDD-BFFE-D0E3C4C027FD}.Debug|ARM.Build.0 = Debug|Any CPU
		{550D1659-DC0E-4BDD-BFFE-D0E3C4C027FD}.Debug|ARM.Deploy.0 = Debug|Any CPU
		{550D1659-DC0E-4BDD-BFFE-D0E3C4C027FD}.Debug|iPhone.ActiveCfg = Debug|Any CPU
		{550D1659-DC0E-4BDD-BFFE-D0E3C4C027FD}.Debug|iPhone.Build.0 = Debug|Any CPU
		{550D1659-DC0E-4BDD-BFFE-D0E3C4C027FD}.Debug|iPhone.Deploy.0 = Debug|Any CPU
		{550D1659-DC0E-4BDD-BFFE-D0E3C4C027FD}.Debug|iPhoneSimulator.ActiveCfg = Debug|Any CPU
		{550D1659-DC0E-4BDD-BFFE-D0E3C4C027FD}.Debug|iPhoneSimulator.Build.0 = Debug|Any CPU
		{550D1659-DC0E-4BDD-BFFE-D0E3C4C027FD}.Debug|iPhoneSimulator.Deploy.0 = Debug|Any CPU
		{550D1659-DC0E-4BDD-BFFE-D0E3C4C027FD}.Debug|Mixed Platforms.ActiveCfg = Debug|Any CPU
		{550D1659-DC0E-4BDD-BFFE-D0E3C4C027FD}.Debug|Mixed Platforms.Build.0 = Debug|Any CPU
		{550D1659-DC0E-4BDD-BFFE-D0E3C4C027FD}.Debug|Mixed Platforms.Deploy.0 = Debug|Any CPU
		{550D1659-DC0E-4BDD-BFFE-D0E3C4C027FD}.Debug|x86.ActiveCfg = Debug|Any CPU
		{550D1659-DC0E-4BDD-BFFE-D0E3C4C027FD}.Debug|x86.Build.0 = Debug|Any CPU
		{550D1659-DC0E-4BDD-BFFE-D0E3C4C027FD}.Debug|x86.Deploy.0 = Debug|Any CPU
		{550D1659-DC0E-4BDD-BFFE-D0E3C4C027FD}.Release|Any CPU.ActiveCfg = Release|Any CPU
		{550D1659-DC0E-4BDD-BFFE-D0E3C4C027FD}.Release|Any CPU.Build.0 = Release|Any CPU
		{550D1659-DC0E-4BDD-BFFE-D0E3C4C027FD}.Release|Any CPU.Deploy.0 = Release|Any CPU
		{550D1659-DC0E-4BDD-BFFE-D0E3C4C027FD}.Release|ARM.ActiveCfg = Release|Any CPU
		{550D1659-DC0E-4BDD-BFFE-D0E3C4C027FD}.Release|ARM.Build.0 = Release|Any CPU
		{550D1659-DC0E-4BDD-BFFE-D0E3C4C027FD}.Release|ARM.Deploy.0 = Release|Any CPU
		{550D1659-DC0E-4BDD-BFFE-D0E3C4C027FD}.Release|iPhone.ActiveCfg = Release|Any CPU
		{550D1659-DC0E-4BDD-BFFE-D0E3C4C027FD}.Release|iPhone.Build.0 = Release|Any CPU
		{550D1659-DC0E-4BDD-BFFE-D0E3C4C027FD}.Release|iPhone.Deploy.0 = Release|Any CPU
		{550D1659-DC0E-4BDD-BFFE-D0E3C4C027FD}.Release|iPhoneSimulator.ActiveCfg = Release|Any CPU
		{550D1659-DC0E-4BDD-BFFE-D0E3C4C027FD}.Release|iPhoneSimulator.Build.0 = Release|Any CPU
		{550D1659-DC0E-4BDD-BFFE-D0E3C4C027FD}.Release|iPhoneSimulator.Deploy.0 = Release|Any CPU
		{550D1659-DC0E-4BDD-BFFE-D0E3C4C027FD}.Release|Mixed Platforms.ActiveCfg = Release|Any CPU
		{550D1659-DC0E-4BDD-BFFE-D0E3C4C027FD}.Release|Mixed Platforms.Build.0 = Release|Any CPU
		{550D1659-DC0E-4BDD-BFFE-D0E3C4C027FD}.Release|Mixed Platforms.Deploy.0 = Release|Any CPU
		{550D1659-DC0E-4BDD-BFFE-D0E3C4C027FD}.Release|x86.ActiveCfg = Release|Any CPU
		{550D1659-DC0E-4BDD-BFFE-D0E3C4C027FD}.Release|x86.Build.0 = Release|Any CPU
		{550D1659-DC0E-4BDD-BFFE-D0E3C4C027FD}.Release|x86.Deploy.0 = Release|Any CPU
	EndGlobalSection
	GlobalSection(SolutionProperties) = preSolution
		HideSolutionNode = FALSE
	EndGlobalSection
EndGlobal
